
Microsoft Visual Studio Solution File, Format Version 12.00
# Visual Studio Version 16
VisualStudioVersion = 16.0.30621.155
MinimumVisualStudioVersion = 10.0.40219.1
Project("{FAE04EC0-301F-11D3-BF4B-00C04F79EFBC}") = "GorkemAydogduProje", "GorkemAydogduProje\GorkemAydogduProje.csproj", "{2ECCC190-0D5B-4B7F-B048-F02C868641B7}"
EndProject
Global
	GlobalSection(SolutionConfigurationPlatforms) = preSolution
		Debug|Any CPU = Debug|Any CPU
		Release|Any CPU = Release|Any CPU
	EndGlobalSection
	GlobalSection(ProjectConfigurationPlatforms) = postSolution
		{2ECCC190-0D5B-4B7F-B048-F02C868641B7}.Debug|Any CPU.ActiveCfg = Debug|Any CPU
		{2ECCC190-0D5B-4B7F-B048-F02C868641B7}.Debug|Any CPU.Build.0 = Debug|Any CPU
		{2ECCC190-0D5B-4B7F-B048-F02C868641B7}.Release|Any CPU.ActiveCfg = Release|Any CPU
		{2ECCC190-0D5B-4B7F-B048-F02C868641B7}.Release|Any CPU.Build.0 = Release|Any CPU
	EndGlobalSection
	GlobalSection(SolutionProperties) = preSolution
		HideSolutionNode = FALSE
	EndGlobalSection
	GlobalSection(ExtensibilityGlobals) = postSolution
		SolutionGuid = {39D64EEC-68FF-49CD-995A-AAEEFD3E41A1}
	EndGlobalSection
EndGlobal
